{
  "name": "raspberry-pi-neopixels",
  "lockfileVersion": 3,
  "requires": true,
  "packages": {
    "": {
      "dependencies": {
        "prompts": "^2.4.2",
        "rpi-ws281x": "^1.0.37"
      }
    },
    "node_modules/kleur": {
      "version": "3.0.3",
      "resolved": "https://registry.npmjs.org/kleur/-/kleur-3.0.3.tgz",
      "integrity": "sha512-eTIzlVOSUR+JxdDFepEYcBMtZ9Qqdef+rnzWdRZuMbOywu5tO2w2N7rqjoANZ5k9vywhL6Br1VRjUIgTQx4E8w==",
      "license": "MIT",
      "engines": {
        "node": ">=6"
      }
    },
    "node_modules/nan": {
      "version": "2.22.2",
      "resolved": "https://registry.npmjs.org/nan/-/nan-2.22.2.tgz",
      "integrity": "sha512-DANghxFkS1plDdRsX0X9pm0Z6SJNN6gBdtXfanwoZ8hooC5gosGFSBGRYHUVPz1asKA/kMRqDRdHrluZ61SpBQ==",
      "license": "MIT"
    },
    "node_modules/prompts": {
      "version": "2.4.2",
      "resolved": "https://registry.npmjs.org/prompts/-/prompts-2.4.2.tgz",
      "integrity": "sha512-NxNv/kLguCA7p3jE8oL2aEBsrJWgAakBpgmgK6lpPWV+WuOmY6r2/zbAVnP+T8bQlA0nzHXSJSJW0Hq7ylaD2Q==",
      "license": "MIT",
      "dependencies": {
        "kleur": "^3.0.3",
        "sisteransi": "^1.0.5"
      },
      "engines": {
        "node": ">= 6"
      }
    },
    "node_modules/rpi-ws281x": {
      "version": "1.0.37",
      "resolved": "https://registry.npmjs.org/rpi-ws281x/-/rpi-ws281x-1.0.37.tgz",
      "integrity": "sha512-qQHFdYP7Exnn2jft4epvwmEk/rIYnSpluKWHq1Di69YCZ/PN59bgG7TcHbNjBU/uPzq6tMG5LwNTZasUiu1F+Q==",
      "hasInstallScript": true,
      "license": "ISC",
      "dependencies": {
        "nan": "^2.14.0"
      }
    },
    "node_modules/sisteransi": {
      "version": "1.0.5",
      "resolved": "https://registry.npmjs.org/sisteransi/-/sisteransi-1.0.5.tgz",
      "integrity": "sha512-bLGGlR1QxBcynn2d5YmDX4MGjlZvy2MRBDRNHLJ8VI6l6+9FUiyTFNJ0IveOSP0bcXgVDPRcfGqA0pjaqUpfVg==",
      "license": "MIT"
    }
  }
}
